<?xml version="1.0" encoding="utf-8"?>
<Project ToolsVersion="4.0" xmlns="http://schemas.microsoft.com/developer/msbuild/2003">
  <ItemGroup>
    <Filter Include="Source Files">
      <UniqueIdentifier>{9aef109e-047e-4a53-9f92-fd00e1c180fb}</UniqueIdentifier>
      <Extensions>cpp;c;cxx;rc;def;r;odl;idl;hpj;bat</Extensions>
    </Filter>
    <Filter Include="Header Files">
      <UniqueIdentifier>{8a81b31d-565a-4164-9634-69cc42bc2674}</UniqueIdentifier>
      <Extensions>h;hpp;hxx;hm;inl</Extensions>
    </Filter>
    <Filter Include="Resource Files">
      <UniqueIdentifier>{7f058729-ba97-4d53-97c1-0002aeeeddc9}</UniqueIdentifier>
      <Extensions>ico;cur;bmp;dlg;rc2;rct;bin;rgs;gif;jpg;jpeg;jpe</Extensions>
    </Filter>
  </ItemGroup>
  <ItemGroup>
    <ClCompile Include="Barvy.cpp">
      <Filter>Source Files</Filter>
    </ClCompile>
    <ClCompile Include="COMMANDLINE.cpp">
      <Filter>Source Files</Filter>
    </ClCompile>
    <ClCompile Include="EditorDialog.cpp">
      <Filter>Source Files</Filter>
    </ClCompile>
    <ClCompile Include="Hdibapi.cpp">
      <Filter>Source Files</Filter>
    </ClCompile>
    <ClCompile Include="intercom.cpp">
      <Filter>Source Files</Filter>
    </ClCompile>
    <ClCompile Include="MainFrm.cpp">
      <Filter>Source Files</Filter>
    </ClCompile>
    <ClCompile Include="MyInter.cpp">
      <Filter>Source Files</Filter>
    </ClCompile>
    <ClCompile Include="OpenGl.cpp">
      <Filter>Source Files</Filter>
    </ClCompile>
    <ClCompile Include="OpenGlDoc.cpp">
      <Filter>Source Files</Filter>
    </ClCompile>
    <ClCompile Include="OpenGlView.cpp">
      <Filter>Source Files</Filter>
    </ClCompile>
    <ClCompile Include="SpecFileDlg.cpp">
      <Filter>Source Files</Filter>
    </ClCompile>
    <ClCompile Include="StdAfx.cpp">
      <Filter>Source Files</Filter>
    </ClCompile>
  </ItemGroup>
  <ItemGroup>
    <ResourceCompile Include="OpenGl.rc">
      <Filter>Source Files</Filter>
    </ResourceCompile>
  </ItemGroup>
  <ItemGroup>
    <ClInclude Include="Barvy.h">
      <Filter>Header Files</Filter>
    </ClInclude>
    <ClInclude Include="COMMANDLINE.h">
      <Filter>Header Files</Filter>
    </ClInclude>
    <ClInclude Include="EditorDialog.h">
      <Filter>Header Files</Filter>
    </ClInclude>
    <ClInclude Include="Hdibapi.h">
      <Filter>Header Files</Filter>
    </ClInclude>
    <ClInclude Include="intercom.h">
      <Filter>Header Files</Filter>
    </ClInclude>
    <ClInclude Include="MainFrm.h">
      <Filter>Header Files</Filter>
    </ClInclude>
    <ClInclude Include="MyInter.h">
      <Filter>Header Files</Filter>
    </ClInclude>
    <ClInclude Include="OpenGl.h">
      <Filter>Header Files</Filter>
    </ClInclude>
    <ClInclude Include="OpenGlDoc.h">
      <Filter>Header Files</Filter>
    </ClInclude>
    <ClInclude Include="OpenGlView.h">
      <Filter>Header Files</Filter>
    </ClInclude>
    <ClInclude Include="Resource.h">
      <Filter>Header Files</Filter>
    </ClInclude>
    <ClInclude Include="SpecFileDlg.h">
      <Filter>Header Files</Filter>
    </ClInclude>
    <ClInclude Include="StdAfx.h">
      <Filter>Header Files</Filter>
    </ClInclude>
  </ItemGroup>
  <ItemGroup>
    <Image Include="res\BOOK01A.ICO">
      <Filter>Resource Files</Filter>
    </Image>
    <Image Include="res\BOOK04.ICO">
      <Filter>Resource Files</Filter>
    </Image>
    <Image Include="res\ico00001.ico">
      <Filter>Resource Files</Filter>
    </Image>
    <Image Include="res\icon1.ico">
      <Filter>Resource Files</Filter>
    </Image>
    <Image Include="res\OpenGl.ico">
      <Filter>Resource Files</Filter>
    </Image>
    <Image Include="res\OpenGlDoc.ico">
      <Filter>Resource Files</Filter>
    </Image>
    <Image Include="res\Toolbar.bmp">
      <Filter>Resource Files</Filter>
    </Image>
    <Image Include="res\treeicon.bmp">
      <Filter>Resource Files</Filter>
    </Image>
  </ItemGroup>
  <ItemGroup>
    <Text Include="ReadMe.txt" />
  </ItemGroup>
  <ItemGroup>
    <CustomBuild Include="res\OpenGl.rc2">
      <Filter>Resource Files</Filter>
    </CustomBuild>
  </ItemGroup>
</Project>